{
  "name": "fec-stream",
  "version": "1.0.0",
  "lockfileVersion": 3,
  "requires": true,
  "packages": {
    "": {
      "name": "fec-stream",
      "version": "1.0.0",
      "license": "MIT",
      "dependencies": {
        "@davidcal/fec-raptorq": "^1.11.0",
        "readable-stream": "^1.0.33"
      },
      "devDependencies": {
        "diff": "^1.0.8",
        "should": "^4.1.0"
      }
    },
    "node_modules/@davidcal/fec-raptorq": {
      "version": "1.11.0",
      "resolved": "https://registry.npmjs.org/@davidcal/fec-raptorq/-/fec-raptorq-1.11.0.tgz",
      "integrity": "sha512-jC6pBv3njdjNlQ1UMved7xC9+XD/ZQ8DG0DR6zllHNEzskIjvJwTKPLfHXcfYjQFAWeVPXNtcvAhYHqhmMN1Og==",
      "license": "MIT",
      "dependencies": {
        "unsuspended-promise": "^1.0.1"
      },
      "engines": {
        "node": ">=12.0.0"
      }
    },
    "node_modules/core-util-is": {
      "version": "1.0.3",
      "resolved": "https://registry.npmjs.org/core-util-is/-/core-util-is-1.0.3.tgz",
      "integrity": "sha512-ZQBvi1DcpJ4GDqanjucZ2Hj3wEO5pZDS89BWbkcrvdxksJorwUDDZamX9ldFkp9aw2lmBDLgkObEA4DWNJ9FYQ==",
      "license": "MIT"
    },
    "node_modules/diff": {
      "version": "1.4.0",
      "resolved": "https://registry.npmjs.org/diff/-/diff-1.4.0.tgz",
      "integrity": "sha512-VzVc42hMZbYU9Sx/ltb7KYuQ6pqAw+cbFWVy4XKdkuEL2CFaRLGEnISPs7YdzaUGpi+CpIqvRmu7hPQ4T7EQ5w==",
      "dev": true,
      "engines": {
        "node": ">=0.3.1"
      }
    },
    "node_modules/inherits": {
      "version": "2.0.4",
      "resolved": "https://registry.npmjs.org/inherits/-/inherits-2.0.4.tgz",
      "integrity": "sha512-k/vGaX4/Yla3WzyMCvTQOXYeIHvqOKtnqBduzTHpzpQZzAskKMhZ2K+EnBiSM9zGSoIFeMpXKxa4dYeZIQqewQ==",
      "license": "ISC"
    },
    "node_modules/isarray": {
      "version": "0.0.1",
      "resolved": "https://registry.npmjs.org/isarray/-/isarray-0.0.1.tgz",
      "integrity": "sha512-D2S+3GLxWH+uhrNEcoh/fnmYeP8E8/zHl644d/jdA0g2uyXvy3sb0qxotE+ne0LtccHknQzWwZEzhak7oJ0COQ==",
      "license": "MIT"
    },
    "node_modules/readable-stream": {
      "version": "1.1.14",
      "resolved": "https://registry.npmjs.org/readable-stream/-/readable-stream-1.1.14.tgz",
      "integrity": "sha512-+MeVjFf4L44XUkhM1eYbD8fyEsxcV81pqMSR5gblfcLCHfZvbrqy4/qYHE+/R5HoBUT11WV5O08Cr1n3YXkWVQ==",
      "license": "MIT",
      "dependencies": {
        "core-util-is": "~1.0.0",
        "inherits": "~2.0.1",
        "isarray": "0.0.1",
        "string_decoder": "~0.10.x"
      }
    },
    "node_modules/should": {
      "version": "4.6.5",
      "resolved": "https://registry.npmjs.org/should/-/should-4.6.5.tgz",
      "integrity": "sha512-k6+QDvVxph/xH9mVAEZjFF5iw0G17x59PiiRxdMvWMFuj0+gXlKdDMzODBlbsIyzfLk/2XigJlaI6qj1hFMlHg==",
      "dev": true,
      "license": "MIT",
      "dependencies": {
        "should-equal": "0.3.1",
        "should-format": "0.0.7",
        "should-type": "0.0.4"
      }
    },
    "node_modules/should-equal": {
      "version": "0.3.1",
      "resolved": "https://registry.npmjs.org/should-equal/-/should-equal-0.3.1.tgz",
      "integrity": "sha512-/Q/o9EL9CJlCsy817ZkcQVlyUzyeWUxS9HkXUrqv4tTg+aOXEwvOpR1odT0K9DwcMA0gCy452K71YJA1E6K1mQ==",
      "dev": true,
      "license": "MIT",
      "dependencies": {
        "should-type": "0.0.4"
      }
    },
    "node_modules/should-format": {
      "version": "0.0.7",
      "resolved": "https://registry.npmjs.org/should-format/-/should-format-0.0.7.tgz",
      "integrity": "sha512-8oNurKotJEQy+HboLxAHkgKQ+dRfV9TmVAvcY3He1RdnE994M39JTmkCt67cWaygVLKUfBcLRITkpHy2Hsgwcg==",
      "dev": true,
      "license": "MIT",
      "dependencies": {
        "should-type": "0.0.4"
      }
    },
    "node_modules/should-type": {
      "version": "0.0.4",
      "resolved": "https://registry.npmjs.org/should-type/-/should-type-0.0.4.tgz",
      "integrity": "sha512-ve9tkv/i29COtupPlu2g4SXGefgSTjDTBI8d5UgSmT52T9T5VBpZY9/Ygn5Pb3dcCaiMyEzBAxBkpUGxEbbMDw==",
      "dev": true,
      "license": "MIT"
    },
    "node_modules/string_decoder": {
      "version": "0.10.31",
      "resolved": "https://registry.npmjs.org/string_decoder/-/string_decoder-0.10.31.tgz",
      "integrity": "sha512-ev2QzSzWPYmy9GuqfIVildA4OdcGLeFZQrq5ys6RtiuF+RQQiZWr8TZNyAcuVXyQRYfEO+MsoB/1BuQVhOJuoQ==",
      "license": "MIT"
    },
    "node_modules/unsuspended-promise": {
      "version": "1.0.1",
      "resolved": "https://registry.npmjs.org/unsuspended-promise/-/unsuspended-promise-1.0.1.tgz",
      "integrity": "sha512-2fHH/SpQ0tTqHIp1Ce9pNG4QOln7Zj9L2FrqnOMdfNIceiLQAOLYksvoL3/fZPz9MAhBlxkm9FSc5kE9acwUgg==",
      "license": "MIT"
    }
  }
}
